
Microsoft Visual Studio Solution File, Format Version 12.00
# Visual Studio 15
VisualStudioVersion = 15.0.26124.0
MinimumVisualStudioVersion = 15.0.26124.0
Project("{FAE04EC0-301F-11D3-BF4B-00C04F79EFBC}") = "Domain", "Domain\Domain.csproj", "{CE3D023E-1E48-423B-9C4E-AF6AC1B7D513}"
EndProject
Project("{FAE04EC0-301F-11D3-BF4B-00C04F79EFBC}") = "Persistence", "Persistence\Persistence.csproj", "{2CCA5B1E-7EAD-4659-82A0-6C5901BF6712}"
EndProject
Project("{FAE04EC0-301F-11D3-BF4B-00C04F79EFBC}") = "API", "API\API.csproj", "{E9880BED-DB7F-4578-A425-272762A13EAA}"
EndProject
Project("{FAE04EC0-301F-11D3-BF4B-00C04F79EFBC}") = "Application", "Application\Application.csproj", "{C303778B-1A94-43CA-8112-D56643F7200C}"
EndProject
Project("{FAE04EC0-301F-11D3-BF4B-00C04F79EFBC}") = "Infrastructure", "Infrastructure\Infrastructure.csproj", "{66E1FA4B-8DA6-44DA-A049-BEC15026BB18}"
EndProject
Global
	GlobalSection(SolutionConfigurationPlatforms) = preSolution
		Debug|Any CPU = Debug|Any CPU
		Debug|x64 = Debug|x64
		Debug|x86 = Debug|x86
		Release|Any CPU = Release|Any CPU
		Release|x64 = Release|x64
		Release|x86 = Release|x86
	EndGlobalSection
	GlobalSection(SolutionProperties) = preSolution
		HideSolutionNode = FALSE
	EndGlobalSection
	GlobalSection(ProjectConfigurationPlatforms) = postSolution
		{CE3D023E-1E48-423B-9C4E-AF6AC1B7D513}.Debug|Any CPU.ActiveCfg = Debug|Any CPU
		{CE3D023E-1E48-423B-9C4E-AF6AC1B7D513}.Debug|Any CPU.Build.0 = Debug|Any CPU
		{CE3D023E-1E48-423B-9C4E-AF6AC1B7D513}.Debug|x64.ActiveCfg = Debug|Any CPU
		{CE3D023E-1E48-423B-9C4E-AF6AC1B7D513}.Debug|x64.Build.0 = Debug|Any CPU
		{CE3D023E-1E48-423B-9C4E-AF6AC1B7D513}.Debug|x86.ActiveCfg = Debug|Any CPU
		{CE3D023E-1E48-423B-9C4E-AF6AC1B7D513}.Debug|x86.Build.0 = Debug|Any CPU
		{CE3D023E-1E48-423B-9C4E-AF6AC1B7D513}.Release|Any CPU.ActiveCfg = Release|Any CPU
		{CE3D023E-1E48-423B-9C4E-AF6AC1B7D513}.Release|Any CPU.Build.0 = Release|Any CPU
		{CE3D023E-1E48-423B-9C4E-AF6AC1B7D513}.Release|x64.ActiveCfg = Release|Any CPU
		{CE3D023E-1E48-423B-9C4E-AF6AC1B7D513}.Release|x64.Build.0 = Release|Any CPU
		{CE3D023E-1E48-423B-9C4E-AF6AC1B7D513}.Release|x86.ActiveCfg = Release|Any CPU
		{CE3D023E-1E48-423B-9C4E-AF6AC1B7D513}.Release|x86.Build.0 = Release|Any CPU
		{2CCA5B1E-7EAD-4659-82A0-6C5901BF6712}.Debug|Any CPU.ActiveCfg = Debug|Any CPU
		{2CCA5B1E-7EAD-4659-82A0-6C5901BF6712}.Debug|Any CPU.Build.0 = Debug|Any CPU
		{2CCA5B1E-7EAD-4659-82A0-6C5901BF6712}.Debug|x64.ActiveCfg = Debug|Any CPU
		{2CCA5B1E-7EAD-4659-82A0-6C5901BF6712}.Debug|x64.Build.0 = Debug|Any CPU
		{2CCA5B1E-7EAD-4659-82A0-6C5901BF6712}.Debug|x86.ActiveCfg = Debug|Any CPU
		{2CCA5B1E-7EAD-4659-82A0-6C5901BF6712}.Debug|x86.Build.0 = Debug|Any CPU
		{2CCA5B1E-7EAD-4659-82A0-6C5901BF6712}.Release|Any CPU.ActiveCfg = Release|Any CPU
		{2CCA5B1E-7EAD-4659-82A0-6C5901BF6712}.Release|Any CPU.Build.0 = Release|Any CPU
		{2CCA5B1E-7EAD-4659-82A0-6C5901BF6712}.Release|x64.ActiveCfg = Release|Any CPU
		{2CCA5B1E-7EAD-4659-82A0-6C5901BF6712}.Release|x64.Build.0 = Release|Any CPU
		{2CCA5B1E-7EAD-4659-82A0-6C5901BF6712}.Release|x86.ActiveCfg = Release|Any CPU
		{2CCA5B1E-7EAD-4659-82A0-6C5901BF6712}.Release|x86.Build.0 = Release|Any CPU
		{E9880BED-DB7F-4578-A425-272762A13EAA}.Debug|Any CPU.ActiveCfg = Debug|Any CPU
		{E9880BED-DB7F-4578-A425-272762A13EAA}.Debug|Any CPU.Build.0 = Debug|Any CPU
		{E9880BED-DB7F-4578-A425-272762A13EAA}.Debug|x64.ActiveCfg = Debug|Any CPU
		{E9880BED-DB7F-4578-A425-272762A13EAA}.Debug|x64.Build.0 = Debug|Any CPU
		{E9880BED-DB7F-4578-A425-272762A13EAA}.Debug|x86.ActiveCfg = Debug|Any CPU
		{E9880BED-DB7F-4578-A425-272762A13EAA}.Debug|x86.Build.0 = Debug|Any CPU
		{E9880BED-DB7F-4578-A425-272762A13EAA}.Release|Any CPU.ActiveCfg = Release|Any CPU
		{E9880BED-DB7F-4578-A425-272762A13EAA}.Release|Any CPU.Build.0 = Release|Any CPU
		{E9880BED-DB7F-4578-A425-272762A13EAA}.Release|x64.ActiveCfg = Release|Any CPU
		{E9880BED-DB7F-4578-A425-272762A13EAA}.Release|x64.Build.0 = Release|Any CPU
		{E9880BED-DB7F-4578-A425-272762A13EAA}.Release|x86.ActiveCfg = Release|Any CPU
		{E9880BED-DB7F-4578-A425-272762A13EAA}.Release|x86.Build.0 = Release|Any CPU
		{C303778B-1A94-43CA-8112-D56643F7200C}.Debug|Any CPU.ActiveCfg = Debug|Any CPU
		{C303778B-1A94-43CA-8112-D56643F7200C}.Debug|Any CPU.Build.0 = Debug|Any CPU
		{C303778B-1A94-43CA-8112-D56643F7200C}.Debug|x64.ActiveCfg = Debug|Any CPU
		{C303778B-1A94-43CA-8112-D56643F7200C}.Debug|x64.Build.0 = Debug|Any CPU
		{C303778B-1A94-43CA-8112-D56643F7200C}.Debug|x86.ActiveCfg = Debug|Any CPU
		{C303778B-1A94-43CA-8112-D56643F7200C}.Debug|x86.Build.0 = Debug|Any CPU
		{C303778B-1A94-43CA-8112-D56643F7200C}.Release|Any CPU.ActiveCfg = Release|Any CPU
		{C303778B-1A94-43CA-8112-D56643F7200C}.Release|Any CPU.Build.0 = Release|Any CPU
		{C303778B-1A94-43CA-8112-D56643F7200C}.Release|x64.ActiveCfg = Release|Any CPU
		{C303778B-1A94-43CA-8112-D56643F7200C}.Release|x64.Build.0 = Release|Any CPU
		{C303778B-1A94-43CA-8112-D56643F7200C}.Release|x86.ActiveCfg = Release|Any CPU
		{C303778B-1A94-43CA-8112-D56643F7200C}.Release|x86.Build.0 = Release|Any CPU
		{66E1FA4B-8DA6-44DA-A049-BEC15026BB18}.Debug|Any CPU.ActiveCfg = Debug|Any CPU
		{66E1FA4B-8DA6-44DA-A049-BEC15026BB18}.Debug|Any CPU.Build.0 = Debug|Any CPU
		{66E1FA4B-8DA6-44DA-A049-BEC15026BB18}.Debug|x64.ActiveCfg = Debug|Any CPU
		{66E1FA4B-8DA6-44DA-A049-BEC15026BB18}.Debug|x64.Build.0 = Debug|Any CPU
		{66E1FA4B-8DA6-44DA-A049-BEC15026BB18}.Debug|x86.ActiveCfg = Debug|Any CPU
		{66E1FA4B-8DA6-44DA-A049-BEC15026BB18}.Debug|x86.Build.0 = Debug|Any CPU
		{66E1FA4B-8DA6-44DA-A049-BEC15026BB18}.Release|Any CPU.ActiveCfg = Release|Any CPU
		{66E1FA4B-8DA6-44DA-A049-BEC15026BB18}.Release|Any CPU.Build.0 = Release|Any CPU
		{66E1FA4B-8DA6-44DA-A049-BEC15026BB18}.Release|x64.ActiveCfg = Release|Any CPU
		{66E1FA4B-8DA6-44DA-A049-BEC15026BB18}.Release|x64.Build.0 = Release|Any CPU
		{66E1FA4B-8DA6-44DA-A049-BEC15026BB18}.Release|x86.ActiveCfg = Release|Any CPU
		{66E1FA4B-8DA6-44DA-A049-BEC15026BB18}.Release|x86.Build.0 = Release|Any CPU
	EndGlobalSection
EndGlobal
